
Microsoft Visual Studio Solution File, Format Version 12.00
# Visual Studio 15
VisualStudioVersion = 15.0.28307.2092
MinimumVisualStudioVersion = 10.0.40219.1
Project("{FAE04EC0-301F-11D3-BF4B-00C04F79EFBC}") = "MvcCvsite", "MvcCvsite\MvcCvsite.csproj", "{B04FD77B-496F-46A0-AC9B-B3C98662EE9C}"
EndProject
Global
	GlobalSection(SolutionConfigurationPlatforms) = preSolution
		Debug|Any CPU = Debug|Any CPU
		Release|Any CPU = Release|Any CPU
	EndGlobalSection
	GlobalSection(ProjectConfigurationPlatforms) = postSolution
		{B04FD77B-496F-46A0-AC9B-B3C98662EE9C}.Debug|Any CPU.ActiveCfg = Debug|Any CPU
		{B04FD77B-496F-46A0-AC9B-B3C98662EE9C}.Debug|Any CPU.Build.0 = Debug|Any CPU
		{B04FD77B-496F-46A0-AC9B-B3C98662EE9C}.Release|Any CPU.ActiveCfg = Release|Any CPU
		{B04FD77B-496F-46A0-AC9B-B3C98662EE9C}.Release|Any CPU.Build.0 = Release|Any CPU
	EndGlobalSection
	GlobalSection(SolutionProperties) = preSolution
		HideSolutionNode = FALSE
	EndGlobalSection
	GlobalSection(ExtensibilityGlobals) = postSolution
		SolutionGuid = {59C1FF7E-F45D-45F6-AB57-4AD3168C54E5}
	EndGlobalSection
EndGlobal
